
Microsoft Visual Studio Solution File, Format Version 12.00
# Visual Studio 15
VisualStudioVersion = 15.0.26124.0
MinimumVisualStudioVersion = 15.0.26124.0
Project("{FAE04EC0-301F-11D3-BF4B-00C04F79EFBC}") = "AutomatoCore", "AutomatoCore\AutomatoCore.csproj", "{8154F12B-3CB8-4A17-B4F1-BBEC0B91E6BC}"
EndProject
Project("{FAE04EC0-301F-11D3-BF4B-00C04F79EFBC}") = "AutoUIShared", "AutoUIShared\AutoUIShared.csproj", "{89A94870-502C-4704-84FC-6F1E538747B9}"
EndProject
Project("{F2A71F9B-5D33-465A-A702-920D77279786}") = "FsiAdapter", "FsiAdapter\FsiAdapter.fsproj", "{7C2B9BBF-C34D-4EBD-BBB3-9A30DA3DBADF}"
EndProject
Project("{FAE04EC0-301F-11D3-BF4B-00C04F79EFBC}") = "Automato", "Automato\Automato.csproj", "{28B914C0-07DD-46EB-A92E-0CA7E0E1E549}"
EndProject
Global
	GlobalSection(SolutionConfigurationPlatforms) = preSolution
		Debug|Any CPU = Debug|Any CPU
		Debug|x64 = Debug|x64
		Debug|x86 = Debug|x86
		Release|Any CPU = Release|Any CPU
		Release|x64 = Release|x64
		Release|x86 = Release|x86
	EndGlobalSection
	GlobalSection(SolutionProperties) = preSolution
		HideSolutionNode = FALSE
	EndGlobalSection
	GlobalSection(ProjectConfigurationPlatforms) = postSolution
		{8154F12B-3CB8-4A17-B4F1-BBEC0B91E6BC}.Debug|Any CPU.ActiveCfg = Debug|Any CPU
		{8154F12B-3CB8-4A17-B4F1-BBEC0B91E6BC}.Debug|Any CPU.Build.0 = Debug|Any CPU
		{8154F12B-3CB8-4A17-B4F1-BBEC0B91E6BC}.Debug|x64.ActiveCfg = Debug|Any CPU
		{8154F12B-3CB8-4A17-B4F1-BBEC0B91E6BC}.Debug|x64.Build.0 = Debug|Any CPU
		{8154F12B-3CB8-4A17-B4F1-BBEC0B91E6BC}.Debug|x86.ActiveCfg = Debug|Any CPU
		{8154F12B-3CB8-4A17-B4F1-BBEC0B91E6BC}.Debug|x86.Build.0 = Debug|Any CPU
		{8154F12B-3CB8-4A17-B4F1-BBEC0B91E6BC}.Release|Any CPU.ActiveCfg = Release|Any CPU
		{8154F12B-3CB8-4A17-B4F1-BBEC0B91E6BC}.Release|Any CPU.Build.0 = Release|Any CPU
		{8154F12B-3CB8-4A17-B4F1-BBEC0B91E6BC}.Release|x64.ActiveCfg = Release|Any CPU
		{8154F12B-3CB8-4A17-B4F1-BBEC0B91E6BC}.Release|x64.Build.0 = Release|Any CPU
		{8154F12B-3CB8-4A17-B4F1-BBEC0B91E6BC}.Release|x86.ActiveCfg = Release|Any CPU
		{8154F12B-3CB8-4A17-B4F1-BBEC0B91E6BC}.Release|x86.Build.0 = Release|Any CPU
		{89A94870-502C-4704-84FC-6F1E538747B9}.Debug|Any CPU.ActiveCfg = Debug|Any CPU
		{89A94870-502C-4704-84FC-6F1E538747B9}.Debug|Any CPU.Build.0 = Debug|Any CPU
		{89A94870-502C-4704-84FC-6F1E538747B9}.Debug|x64.ActiveCfg = Debug|Any CPU
		{89A94870-502C-4704-84FC-6F1E538747B9}.Debug|x64.Build.0 = Debug|Any CPU
		{89A94870-502C-4704-84FC-6F1E538747B9}.Debug|x86.ActiveCfg = Debug|Any CPU
		{89A94870-502C-4704-84FC-6F1E538747B9}.Debug|x86.Build.0 = Debug|Any CPU
		{89A94870-502C-4704-84FC-6F1E538747B9}.Release|Any CPU.ActiveCfg = Release|Any CPU
		{89A94870-502C-4704-84FC-6F1E538747B9}.Release|Any CPU.Build.0 = Release|Any CPU
		{89A94870-502C-4704-84FC-6F1E538747B9}.Release|x64.ActiveCfg = Release|Any CPU
		{89A94870-502C-4704-84FC-6F1E538747B9}.Release|x64.Build.0 = Release|Any CPU
		{89A94870-502C-4704-84FC-6F1E538747B9}.Release|x86.ActiveCfg = Release|Any CPU
		{89A94870-502C-4704-84FC-6F1E538747B9}.Release|x86.Build.0 = Release|Any CPU
		{7C2B9BBF-C34D-4EBD-BBB3-9A30DA3DBADF}.Debug|Any CPU.ActiveCfg = Debug|Any CPU
		{7C2B9BBF-C34D-4EBD-BBB3-9A30DA3DBADF}.Debug|Any CPU.Build.0 = Debug|Any CPU
		{7C2B9BBF-C34D-4EBD-BBB3-9A30DA3DBADF}.Debug|x64.ActiveCfg = Debug|Any CPU
		{7C2B9BBF-C34D-4EBD-BBB3-9A30DA3DBADF}.Debug|x64.Build.0 = Debug|Any CPU
		{7C2B9BBF-C34D-4EBD-BBB3-9A30DA3DBADF}.Debug|x86.ActiveCfg = Debug|Any CPU
		{7C2B9BBF-C34D-4EBD-BBB3-9A30DA3DBADF}.Debug|x86.Build.0 = Debug|Any CPU
		{7C2B9BBF-C34D-4EBD-BBB3-9A30DA3DBADF}.Release|Any CPU.ActiveCfg = Release|Any CPU
		{7C2B9BBF-C34D-4EBD-BBB3-9A30DA3DBADF}.Release|Any CPU.Build.0 = Release|Any CPU
		{7C2B9BBF-C34D-4EBD-BBB3-9A30DA3DBADF}.Release|x64.ActiveCfg = Release|Any CPU
		{7C2B9BBF-C34D-4EBD-BBB3-9A30DA3DBADF}.Release|x64.Build.0 = Release|Any CPU
		{7C2B9BBF-C34D-4EBD-BBB3-9A30DA3DBADF}.Release|x86.ActiveCfg = Release|Any CPU
		{7C2B9BBF-C34D-4EBD-BBB3-9A30DA3DBADF}.Release|x86.Build.0 = Release|Any CPU
		{28B914C0-07DD-46EB-A92E-0CA7E0E1E549}.Debug|Any CPU.ActiveCfg = Debug|Any CPU
		{28B914C0-07DD-46EB-A92E-0CA7E0E1E549}.Debug|Any CPU.Build.0 = Debug|Any CPU
		{28B914C0-07DD-46EB-A92E-0CA7E0E1E549}.Debug|x64.ActiveCfg = Debug|Any CPU
		{28B914C0-07DD-46EB-A92E-0CA7E0E1E549}.Debug|x64.Build.0 = Debug|Any CPU
		{28B914C0-07DD-46EB-A92E-0CA7E0E1E549}.Debug|x86.ActiveCfg = Debug|Any CPU
		{28B914C0-07DD-46EB-A92E-0CA7E0E1E549}.Debug|x86.Build.0 = Debug|Any CPU
		{28B914C0-07DD-46EB-A92E-0CA7E0E1E549}.Release|Any CPU.ActiveCfg = Release|Any CPU
		{28B914C0-07DD-46EB-A92E-0CA7E0E1E549}.Release|Any CPU.Build.0 = Release|Any CPU
		{28B914C0-07DD-46EB-A92E-0CA7E0E1E549}.Release|x64.ActiveCfg = Release|Any CPU
		{28B914C0-07DD-46EB-A92E-0CA7E0E1E549}.Release|x64.Build.0 = Release|Any CPU
		{28B914C0-07DD-46EB-A92E-0CA7E0E1E549}.Release|x86.ActiveCfg = Release|Any CPU
		{28B914C0-07DD-46EB-A92E-0CA7E0E1E549}.Release|x86.Build.0 = Release|Any CPU
	EndGlobalSection
EndGlobal
